
Microsoft Visual Studio Solution File, Format Version 12.00
# Visual Studio Version 16
VisualStudioVersion = 16.0.30621.155
MinimumVisualStudioVersion = 10.0.40219.1
Project("{FAE04EC0-301F-11D3-BF4B-00C04F79EFBC}") = "CraftopiaCore", "CraftopiaCore\CraftopiaCore.csproj", "{3229D755-FA93-467B-8383-F7C26BDF5D40}"
EndProject
Global
	GlobalSection(SolutionConfigurationPlatforms) = preSolution
		Debug|Any CPU = Debug|Any CPU
		Release|Any CPU = Release|Any CPU
	EndGlobalSection
	GlobalSection(ProjectConfigurationPlatforms) = postSolution
		{3229D755-FA93-467B-8383-F7C26BDF5D40}.Debug|Any CPU.ActiveCfg = Debug|Any CPU
		{3229D755-FA93-467B-8383-F7C26BDF5D40}.Debug|Any CPU.Build.0 = Debug|Any CPU
		{3229D755-FA93-467B-8383-F7C26BDF5D40}.Release|Any CPU.ActiveCfg = Release|Any CPU
		{3229D755-FA93-467B-8383-F7C26BDF5D40}.Release|Any CPU.Build.0 = Release|Any CPU
	EndGlobalSection
	GlobalSection(SolutionProperties) = preSolution
		HideSolutionNode = FALSE
	EndGlobalSection
	GlobalSection(ExtensibilityGlobals) = postSolution
		SolutionGuid = {C07E4B29-02C2-4EC8-82FB-CC66ACD73089}
	EndGlobalSection
EndGlobal
